apiVersion: vendir.k14s.io/v1alpha1
directories:
- contents:
  - helmChart:
      appVersion: ""
      version: 0.9.12
    path: .
  path: helm/kagent/charts/kagent
- contents:
  - git:
      commitTitle: 'Backport(0.9.x): reference declarative agents by tag; digests
        only for sandbox agents (#2242) (#2266)...'
      sha: b45990582595acea5f6e765b86a10b251c50d5c9
      tags:
      - v0.9.12
    path: kagent.dev
  - git:
      commitTitle: 'refactor(helm): remove rbac.clusterScoped, derive RBAC scope from
        rbac.namespaces (#134)...'
      sha: 1cec6470560fa8ccc43de3d95c7567993ae13e95
      tags:
      - v0.3.0
    path: kmcp
  path: helm/kagent/crds
kind: LockConfig
