apiVersion: vendir.k14s.io/v1alpha1
directories:
- contents:
  - helmChart:
      appVersion: ""
      version: 0.10.0
    path: kagent
  - helmChart:
      appVersion: ""
      version: 0.10.0
    path: kagent-crds
  path: vendor
- contents:
  - directory: {}
    path: .
  path: helm/kagent
- contents:
  - directory: {}
    path: .
  path: helm/kagent-crds
kind: LockConfig
